
Microsoft Visual Studio Solution File, Format Version 12.00
# Visual Studio Version 17
VisualStudioVersion = 17.5.002.0
MinimumVisualStudioVersion = 10.0.40219.1
Project("{9A19103F-16F7-4668-BE54-9A1E7A4F7556}") = "full_stack_web_lesson2", "full_stack_web_lesson2.csproj", "{72039699-8C6E-4041-A127-E25172EFDD5E}"
EndProject
Global
	GlobalSection(SolutionConfigurationPlatforms) = preSolution
		Debug|Any CPU = Debug|Any CPU
		Release|Any CPU = Release|Any CPU
	EndGlobalSection
	GlobalSection(ProjectConfigurationPlatforms) = postSolution
		{72039699-8C6E-4041-A127-E25172EFDD5E}.Debug|Any CPU.ActiveCfg = Debug|Any CPU
		{72039699-8C6E-4041-A127-E25172EFDD5E}.Debug|Any CPU.Build.0 = Debug|Any CPU
		{72039699-8C6E-4041-A127-E25172EFDD5E}.Release|Any CPU.ActiveCfg = Release|Any CPU
		{72039699-8C6E-4041-A127-E25172EFDD5E}.Release|Any CPU.Build.0 = Release|Any CPU
	EndGlobalSection
	GlobalSection(SolutionProperties) = preSolution
		HideSolutionNode = FALSE
	EndGlobalSection
	GlobalSection(ExtensibilityGlobals) = postSolution
		SolutionGuid = {ECFC4668-8B36-4B8D-9425-C4C7F7C146E5}
	EndGlobalSection
EndGlobal
